
Microsoft Visual Studio Solution File, Format Version 12.00
# Visual Studio Version 17
VisualStudioVersion = 17.9.34728.123
MinimumVisualStudioVersion = 10.0.40219.1
Project("{FAE04EC0-301F-11D3-BF4B-00C04F79EFBC}") = "ModBase", "ClassLibrary1\ModBase.csproj", "{2B55EDF6-B92F-40B9-891F-694B26539ACA}"
EndProject
Global
	GlobalSection(SolutionConfigurationPlatforms) = preSolution
		Debug|Any CPU = Debug|Any CPU
		Release|Any CPU = Release|Any CPU
	EndGlobalSection
	GlobalSection(ProjectConfigurationPlatforms) = postSolution
		{2B55EDF6-B92F-40B9-891F-694B26539ACA}.Debug|Any CPU.ActiveCfg = Release|Any CPU
		{2B55EDF6-B92F-40B9-891F-694B26539ACA}.Debug|Any CPU.Build.0 = Release|Any CPU
		{2B55EDF6-B92F-40B9-891F-694B26539ACA}.Release|Any CPU.ActiveCfg = Release|Any CPU
		{2B55EDF6-B92F-40B9-891F-694B26539ACA}.Release|Any CPU.Build.0 = Release|Any CPU
	EndGlobalSection
	GlobalSection(SolutionProperties) = preSolution
		HideSolutionNode = FALSE
	EndGlobalSection
	GlobalSection(ExtensibilityGlobals) = postSolution
		SolutionGuid = {67C62432-4A54-4CD0-A712-E94186B1B515}
	EndGlobalSection
EndGlobal
